#
# This file is autogenerated by pip-compile with Python 3.10
# by the following command:
#
#    pip-compile --output-file=requirements.lock pyproject.toml
#
absl-py==2.4.0
    # via mujoco
annotated-doc==0.0.4
    # via fastapi
annotated-types==0.7.0
    # via pydantic
anyio==4.13.0
    # via
    #   httpx
    #   starlette
    #   watchfiles
blinker==1.9.0
    # via flask
bokeh==3.9.0
    # via upstream-drift (pyproject.toml)
certifi==2026.4.22
    # via
    #   httpcore
    #   httpx
    #   requests
charset-normalizer==3.4.7
    # via requests
click==8.3.3
    # via
    #   flask
    #   uvicorn
contourpy==1.3.2
    # via bokeh
etils[epath,epy]==1.13.0
    # via mujoco
exceptiongroup==1.3.1
    # via anyio
fastapi==0.136.1
    # via upstream-drift (pyproject.toml)
flask==3.1.3
    # via upstream-drift (pyproject.toml)
fsspec==2026.4.0
    # via etils
glfw==2.10.0
    # via mujoco
h11==0.16.0
    # via
    #   httpcore
    #   uvicorn
h5py==3.16.0
    # via upstream-drift (pyproject.toml)
httpcore==1.0.9
    # via httpx
httptools==0.7.1
    # via uvicorn
httpx==0.28.1
    # via upstream-drift (pyproject.toml)
idna==3.13
    # via
    #   anyio
    #   httpx
    #   requests
importlib-resources==7.1.0
    # via etils
itsdangerous==2.2.0
    # via flask
jinja2==3.1.6
    # via
    #   bokeh
    #   flask
    #   upstream-drift (pyproject.toml)
markupsafe==3.0.3
    # via
    #   flask
    #   jinja2
    #   werkzeug
mujoco==3.8.0
    # via upstream-drift (pyproject.toml)
narwhals==2.21.0
    # via bokeh
numpy==2.2.6
    # via
    #   bokeh
    #   contourpy
    #   h5py
    #   mujoco
    #   scipy
    #   upstream-drift (pyproject.toml)
packaging==26.2
    # via bokeh
pillow==12.2.0
    # via
    #   bokeh
    #   upstream-drift (pyproject.toml)
pydantic==2.13.4
    # via
    #   fastapi
    #   upstream-drift (pyproject.toml)
pydantic-core==2.46.4
    # via pydantic
pyopengl==3.1.10
    # via mujoco
python-dotenv==1.2.2
    # via
    #   upstream-drift (pyproject.toml)
    #   uvicorn
pyyaml==6.0.3
    # via
    #   bokeh
    #   uvicorn
requests==2.33.1
    # via upstream-drift (pyproject.toml)
scipy==1.15.3
    # via upstream-drift (pyproject.toml)
simpleeval==1.0.7
    # via upstream-drift (pyproject.toml)
starlette==1.0.0
    # via fastapi
structlog==25.5.0
    # via upstream-drift (pyproject.toml)
tornado==6.5.5
    # via bokeh
typing-extensions==4.15.0
    # via
    #   anyio
    #   etils
    #   exceptiongroup
    #   fastapi
    #   pydantic
    #   pydantic-core
    #   starlette
    #   structlog
    #   typing-inspection
    #   uvicorn
typing-inspection==0.4.2
    # via
    #   fastapi
    #   pydantic
urllib3==2.7.0
    # via requests
uvicorn[standard]==0.46.0
    # via upstream-drift (pyproject.toml)
uvloop==0.22.1
    # via uvicorn
watchfiles==1.1.1
    # via uvicorn
websockets==16.0
    # via uvicorn
werkzeug==3.1.8
    # via flask
xyzservices==2026.3.0
    # via bokeh
zipp==3.23.1
    # via etils
